// !$*UTF8*$!
{
	archiveVersion = 1;
	classes = {
	};
	objectVersion = 48;
	objects = {

/* Begin PBXBuildFile section */
		0829E87A1FE4EC7800DEDFD9 /* FileSystem.cpp in Sources */ = {isa = PBXBuildFile; fileRef = 0829E8771FE4EC7700DEDFD9 /* FileSystem.cpp */; };
		0829E87B1FE4EC7800DEDFD9 /* Interface.cpp in Sources */ = {isa = PBXBuildFile; fileRef = 0829E8781FE4EC7700DEDFD9 /* Interface.cpp */; };
		0829E87C1FE4EC7800DEDFD9 /* main.cpp in Sources */ = {isa = PBXBuildFile; fileRef = 0829E8791FE4EC7700DEDFD9 /* main.cpp */; };
/* End PBXBuildFile section */

/* Begin PBXCopyFilesBuildPhase section */
		0829E8691FE4EC6700DEDFD9 /* CopyFiles */ = {
			isa = PBXCopyFilesBuildPhase;
			buildActionMask = 2147483647;
			dstPath = /usr/share/man/man1/;
			dstSubfolderSpec = 0;
			files = (
			);
			runOnlyForDeploymentPostprocessing = 1;
		};
/* End PBXCopyFilesBuildPhase section */

/* Begin PBXFileReference section */
		0829E86B1FE4EC6700DEDFD9 /* Xcode_Macbook */ = {isa = PBXFileReference; explicitFileType = "compiled.mach-o.executable"; includeInIndex = 0; path = Xcode_Macbook; sourceTree = BUILT_PRODUCTS_DIR; };
		0829E8751FE4EC7700DEDFD9 /* Interface.h */ = {isa = PBXFileReference; fileEncoding = 4; lastKnownFileType = sourcecode.c.h; name = Interface.h; path = ../../src/Interface.h; sourceTree = "<group>"; };
		0829E8761FE4EC7700DEDFD9 /* FileSystem.h */ = {isa = PBXFileReference; fileEncoding = 4; lastKnownFileType = sourcecode.c.h; name = FileSystem.h; path = ../../src/FileSystem.h; sourceTree = "<group>"; };
		0829E8771FE4EC7700DEDFD9 /* FileSystem.cpp */ = {isa = PBXFileReference; fileEncoding = 4; lastKnownFileType = sourcecode.cpp.cpp; name = FileSystem.cpp; path = ../../src/FileSystem.cpp; sourceTree = "<group>"; };
		0829E8781FE4EC7700DEDFD9 /* Interface.cpp */ = {isa = PBXFileReference; fileEncoding = 4; lastKnownFileType = sourcecode.cpp.cpp; name = Interface.cpp; path = ../../src/Interface.cpp; sourceTree = "<group>"; };
		0829E8791FE4EC7700DEDFD9 /* main.cpp */ = {isa = PBXFileReference; fileEncoding = 4; lastKnownFileType = sourcecode.cpp.cpp; name = main.cpp; path = ../../src/main.cpp; sourceTree = "<group>"; };
/* End PBXFileReference section */

/* Begin PBXFrameworksBuildPhase section */
		0829E8681FE4EC6700DEDFD9 /* Frameworks */ = {
			isa = PBXFrameworksBuildPhase;
			buildActionMask = 2147483647;
			files = (
			);
			runOnlyForDeploymentPostprocessing = 0;
		};
/* End PBXFrameworksBuildPhase section */

/* Begin PBXGroup section */
		0829E8621FE4EC6700DEDFD9 = {
			isa = PBXGroup;
			children = (
				0829E86D1FE4EC6700DEDFD9 /* Xcode_Macbook */,
				0829E86C1FE4EC6700DEDFD9 /* Products */,
			);
			sourceTree = "<group>";
		};
		0829E86C1FE4EC6700DEDFD9 /* Products */ = {
			isa = PBXGroup;
			children = (
				0829E86B1FE4EC6700DEDFD9 /* Xcode_Macbook */,
			);
			name = Products;
			sourceTree = "<group>";
		};
		0829E86D1FE4EC6700DEDFD9 /* Xcode_Macbook */ = {
			isa = PBXGroup;
			children = (
				0829E8771FE4EC7700DEDFD9 /* FileSystem.cpp */,
				0829E8761FE4EC7700DEDFD9 /* FileSystem.h */,
				0829E8781FE4EC7700DEDFD9 /* Interface.cpp */,
				0829E8751FE4EC7700DEDFD9 /* Interface.h */,
				0829E8791FE4EC7700DEDFD9 /* main.cpp */,
			);
			path = Xcode_Macbook;
			sourceTree = "<group>";
		};
/* End PBXGroup section */

/* Begin PBXNativeTarget section */
		0829E86A1FE4EC6700DEDFD9 /* Xcode_Macbook */ = {
			isa = PBXNativeTarget;
			buildConfigurationList = 0829E8721FE4EC6700DEDFD9 /* Build configuration list for PBXNativeTarget "Xcode_Macbook" */;
			buildPhases = (
				0829E8671FE4EC6700DEDFD9 /* Sources */,
				0829E8681FE4EC6700DEDFD9 /* Frameworks */,
				0829E8691FE4EC6700DEDFD9 /* CopyFiles */,
			);
			buildRules = (
			);
			dependencies = (
			);
			name = Xcode_Macbook;
			productName = Xcode_Macbook;
			productReference = 0829E86B1FE4EC6700DEDFD9 /* Xcode_Macbook */;
			productType = "com.apple.product-type.tool";
		};
/* End PBXNativeTarget section */

/* Begin PBXProject section */
		0829E8631FE4EC6700DEDFD9 /* Project object */ = {
			isa = PBXProject;
			attributes = {
				LastUpgradeCheck = 0920;
				ORGANIZATIONNAME = "Eric Tseng";
				TargetAttributes = {
					0829E86A1FE4EC6700DEDFD9 = {
						CreatedOnToolsVersion = 9.2;
						ProvisioningStyle = Automatic;
					};
				};
			};
			buildConfigurationList = 0829E8661FE4EC6700DEDFD9 /* Build configuration list for PBXProject "Xcode_Macbook" */;
			compatibilityVersion = "Xcode 8.0";
			developmentRegion = en;
			hasScannedForEncodings = 0;
			knownRegions = (
				en,
			);
			mainGroup = 0829E8621FE4EC6700DEDFD9;
			productRefGroup = 0829E86C1FE4EC6700DEDFD9 /* Products */;
			projectDirPath = "";
			projectRoot = "";
			targets = (
				0829E86A1FE4EC6700DEDFD9 /* Xcode_Macbook */,
			);
		};
/* End PBXProject section */

/* Begin PBXSourcesBuildPhase section */
		0829E8671FE4EC6700DEDFD9 /* Sources */ = {
			isa = PBXSourcesBuildPhase;
			buildActionMask = 2147483647;
			files = (
				0829E87B1FE4EC7800DEDFD9 /* Interface.cpp in Sources */,
				0829E87A1FE4EC7800DEDFD9 /* FileSystem.cpp in Sources */,
				0829E87C1FE4EC7800DEDFD9 /* main.cpp in Sources */,
			);
			runOnlyForDeploymentPostprocessing = 0;
		};
/* End PBXSourcesBuildPhase section */

/* Begin XCBuildConfiguration section */
		0829E8701FE4EC6700DEDFD9 /* Debug */ = {
			isa = XCBuildConfiguration;
			buildSettings = {
				ALWAYS_SEARCH_USER_PATHS = NO;
				CLANG_ANALYZER_NONNULL = YES;
				CLANG_ANALYZER_NUMBER_OBJECT_CONVERSION = YES_AGGRESSIVE;
				CLANG_CXX_LANGUAGE_STANDARD = "gnu++14";
				CLANG_CXX_LIBRARY = "libc++";
				CLANG_ENABLE_MODULES = YES;
				CLANG_ENABLE_OBJC_ARC = YES;
				CLANG_WARN_BLOCK_CAPTURE_AUTORELEASING = YES;
				CLANG_WARN_BOOL_CONVERSION = YES;
				CLANG_WARN_COMMA = YES;
				CLANG_WARN_CONSTANT_CONVERSION = YES;
				CLANG_WARN_DIRECT_OBJC_ISA_USAGE = YES_ERROR;
				CLANG_WARN_DOCUMENTATION_COMMENTS = YES;
				CLANG_WARN_EMPTY_BODY = YES;
				CLANG_WARN_ENUM_CONVERSION = YES;
				CLANG_WARN_INFINITE_RECURSION = YES;
				CLANG_WARN_INT_CONVERSION = YES;
				CLANG_WARN_NON_LITERAL_NULL_CONVERSION = YES;
				CLANG_WARN_OBJC_LITERAL_CONVERSION = YES;
				CLANG_WARN_OBJC_ROOT_CLASS = YES_ERROR;
				CLANG_WARN_RANGE_LOOP_ANALYSIS = YES;
				CLANG_WARN_STRICT_PROTOTYPES = YES;
				CLANG_WARN_SUSPICIOUS_MOVE = YES;
				CLANG_WARN_UNGUARDED_AVAILABILITY = YES_AGGRESSIVE;
				CLANG_WARN_UNREACHABLE_CODE = YES;
				CLANG_WARN__DUPLICATE_METHOD_MATCH = YES;
				CODE_SIGN_IDENTITY = "Mac Developer";
				COPY_PHASE_STRIP = NO;
				DEBUG_INFORMATION_FORMAT = dwarf;
				ENABLE_STRICT_OBJC_MSGSEND = YES;
				ENABLE_TESTABILITY = YES;
				GCC_C_LANGUAGE_STANDARD = gnu11;
				GCC_DYNAMIC_NO_PIC = NO;
				GCC_NO_COMMON_BLOCKS = YES;
				GCC_OPTIMIZATION_LEVEL = 0;
				GCC_PREPROCESSOR_DEFINITIONS = (
					"DEBUG=1",
					"$(inherited)",
				);
				GCC_WARN_64_TO_32_BIT_CONVERSION = YES;
				GCC_WARN_ABOUT_RETURN_TYPE = YES_ERROR;
				GCC_WARN_UNDECLARED_SELECTOR = YES;
				GCC_WARN_UNINITIALIZED_AUTOS = YES_AGGRESSIVE;
				GCC_WARN_UNUSED_FUNCTION = YES;
				GCC_WARN_UNUSED_VARIABLE = YES;
				MACOSX_DEPLOYMENT_TARGET = 10.13;
				MTL_ENABLE_DEBUG_INFO = YES;
				ONLY_ACTIVE_ARCH = YES;
				SDKROOT = macosx;
			};
			name = Debug;
		};
		0829E8711FE4EC6700DEDFD9 /* Release */ = {
			isa = XCBuildConfiguration;
			buildSettings = {
				ALWAYS_SEARCH_USER_PATHS = NO;
				CLANG_ANALYZER_NONNULL = YES;
				CLANG_ANALYZER_NUMBER_OBJECT_CONVERSION = YES_AGGRESSIVE;
				CLANG_CXX_LANGUAGE_STANDARD = "gnu++14";
				CLANG_CXX_LIBRARY = "libc++";
				CLANG_ENABLE_MODULES = YES;
				CLANG_ENABLE_OBJC_ARC = YES;
				CLANG_WARN_BLOCK_CAPTURE_AUTORELEASING = YES;
				CLANG_WARN_BOOL_CONVERSION = YES;
				CLANG_WARN_COMMA = YES;
				CLANG_WARN_CONSTANT_CONVERSION = YES;
				CLANG_WARN_DIRECT_OBJC_ISA_USAGE = YES_ERROR;
				CLANG_WARN_DOCUMENTATION_COMMENTS = YES;
				CLANG_WARN_EMPTY_BODY = YES;
				CLANG_WARN_ENUM_CONVERSION = YES;
				CLANG_WARN_INFINITE_RECURSION = YES;
				CLANG_WARN_INT_CONVERSION = YES;
				CLANG_WARN_NON_LITERAL_NULL_CONVERSION = YES;
				CLANG_WARN_OBJC_LITERAL_CONVERSION = YES;
				CLANG_WARN_OBJC_ROOT_CLASS = YES_ERROR;
				CLANG_WARN_RANGE_LOOP_ANALYSIS = YES;
				CLANG_WARN_STRICT_PROTOTYPES = YES;
				CLANG_WARN_SUSPICIOUS_MOVE = YES;
				CLANG_WARN_UNGUARDED_AVAILABILITY = YES_AGGRESSIVE;
				CLANG_WARN_UNREACHABLE_CODE = YES;
				CLANG_WARN__DUPLICATE_METHOD_MATCH = YES;
				CODE_SIGN_IDENTITY = "Mac Developer";
				COPY_PHASE_STRIP = NO;
				DEBUG_INFORMATION_FORMAT = "dwarf-with-dsym";
				ENABLE_NS_ASSERTIONS = NO;
				ENABLE_STRICT_OBJC_MSGSEND = YES;
				GCC_C_LANGUAGE_STANDARD = gnu11;
				GCC_NO_COMMON_BLOCKS = YES;
				GCC_WARN_64_TO_32_BIT_CONVERSION = YES;
				GCC_WARN_ABOUT_RETURN_TYPE = YES_ERROR;
				GCC_WARN_UNDECLARED_SELECTOR = YES;
				GCC_WARN_UNINITIALIZED_AUTOS = YES_AGGRESSIVE;
				GCC_WARN_UNUSED_FUNCTION = YES;
				GCC_WARN_UNUSED_VARIABLE = YES;
				MACOSX_DEPLOYMENT_TARGET = 10.13;
				MTL_ENABLE_DEBUG_INFO = NO;
				SDKROOT = macosx;
			};
			name = Release;
		};
		0829E8731FE4EC6700DEDFD9 /* Debug */ = {
			isa = XCBuildConfiguration;
			buildSettings = {
				CODE_SIGN_STYLE = Automatic;
				DEVELOPMENT_TEAM = TB3DGTVP8F;
				PRODUCT_NAME = "$(TARGET_NAME)";
			};
			name = Debug;
		};
		0829E8741FE4EC6700DEDFD9 /* Release */ = {
			isa = XCBuildConfiguration;
			buildSettings = {
				CODE_SIGN_STYLE = Automatic;
				DEVELOPMENT_TEAM = TB3DGTVP8F;
				PRODUCT_NAME = "$(TARGET_NAME)";
			};
			name = Release;
		};
/* End XCBuildConfiguration section */

/* Begin XCConfigurationList section */
		0829E8661FE4EC6700DEDFD9 /* Build configuration list for PBXProject "Xcode_Macbook" */ = {
			isa = XCConfigurationList;
			buildConfigurations = (
				0829E8701FE4EC6700DEDFD9 /* Debug */,
				0829E8711FE4EC6700DEDFD9 /* Release */,
			);
			defaultConfigurationIsVisible = 0;
			defaultConfigurationName = Release;
		};
		0829E8721FE4EC6700DEDFD9 /* Build configuration list for PBXNativeTarget "Xcode_Macbook" */ = {
			isa = XCConfigurationList;
			buildConfigurations = (
				0829E8731FE4EC6700DEDFD9 /* Debug */,
				0829E8741FE4EC6700DEDFD9 /* Release */,
			);
			defaultConfigurationIsVisible = 0;
			defaultConfigurationName = Release;
		};
/* End XCConfigurationList section */
	};
	rootObject = 0829E8631FE4EC6700DEDFD9 /* Project object */;
}
